
Microsoft Visual Studio Solution File, Format Version 9.00
# Visual Studio 2005
Project("{FAE04EC0-301F-11D3-BF4B-00C04F79EFBC}") = "ManagedClientLib", "..\src\ClientLibs\ManagedClientLib\ManagedClientLib.csproj", "{61F12241-12BA-4FCA-A9EA-44BFCFE29B2C}"
EndProject
Project("{FAE04EC0-301F-11D3-BF4B-00C04F79EFBC}") = "RemoteInterfaces", "..\src\Libs\RemoteInterfaces\RemoteInterfaces.csproj", "{B68D1FCB-7EE3-4335-82C7-F60ABD2868BE}"
EndProject
Project("{FAE04EC0-301F-11D3-BF4B-00C04F79EFBC}") = "TestJobStatusManager", "TestJobStatusManager\TestJobStatusManager.csproj", "{344B2AD6-08B7-44FA-86BB-B1BCDC03FA1D}"
EndProject
Project("{FAE04EC0-301F-11D3-BF4B-00C04F79EFBC}") = "TestProcess", "TestProcess\TestProcess.csproj", "{1717B8B4-2F63-437D-AB90-35982B42DED5}"
EndProject
Project("{8BC9CEB8-8B4A-11D0-8D11-00A0C91BC942}") = "ThrowException", "ThrowException\ThrowException.vcproj", "{7DB3C729-C021-473C-B24D-418E63502001}"
EndProject
Project("{FAE04EC0-301F-11D3-BF4B-00C04F79EFBC}") = "ThrowException2", "ThrowException2\ThrowException2.csproj", "{A4F4CDB8-64BB-4934-A4E2-335A62986D9D}"
EndProject
Project("{2150E333-8FDC-42A3-9474-1A3956D46DE8}") = "DetectRuntimeErrorProcess", "DetectRuntimeErrorProcess", "{84F459A5-5C92-45BA-8621-949FC13B9862}"
EndProject
Project("{2150E333-8FDC-42A3-9474-1A3956D46DE8}") = "TestRemoting", "TestRemoting", "{0971CF69-AEE6-48D3-8537-0163DDC39166}"
EndProject
Project("{FAE04EC0-301F-11D3-BF4B-00C04F79EFBC}") = "RInterface", "RInterface\RInterface.csproj", "{374ED5F8-FA17-4D93-8497-48466A8434A8}"
EndProject
Project("{FAE04EC0-301F-11D3-BF4B-00C04F79EFBC}") = "RemoteObjHost", "RemoteObjHost\RemoteObjHost.csproj", "{1134367F-54CA-4A1E-A511-A928947F6400}"
EndProject
Project("{FAE04EC0-301F-11D3-BF4B-00C04F79EFBC}") = "RemoteObjClient", "RemoteObjClient\RemoteObjClient.csproj", "{B4E8D15D-46E0-4D36-BD21-BB99EFC6AFDB}"
EndProject
Project("{FAE04EC0-301F-11D3-BF4B-00C04F79EFBC}") = "SharedLibrary", "SharedLibrary\SharedLibrary.csproj", "{C6D9AE6C-4215-4ED4-9CF1-8567936EFFB2}"
EndProject
Project("{2150E333-8FDC-42A3-9474-1A3956D46DE8}") = "TestGalaxy", "TestGalaxy", "{562BE0AF-6550-4E0E-B8FA-B4B42D415E5B}"
EndProject
Project("{2150E333-8FDC-42A3-9474-1A3956D46DE8}") = "CodesTry", "CodesTry", "{F189E57E-0855-49CA-91D6-753131729E59}"
EndProject
Project("{FAE04EC0-301F-11D3-BF4B-00C04F79EFBC}") = "TestMiscellanea", "TestMiscellanea\TestMiscellanea.csproj", "{98681DC1-2A81-4C3F-B847-284406716645}"
EndProject
Project("{FAE04EC0-301F-11D3-BF4B-00C04F79EFBC}") = "TestProcessNode", "TestProcessNode\TestProcessNode.csproj", "{B1FE3F72-0A0D-44E2-98B7-0FEC646AA781}"
EndProject
Project("{FAE04EC0-301F-11D3-BF4B-00C04F79EFBC}") = "DoSomething", "DoSomething\DoSomething.csproj", "{FFEBC00B-2886-407D-93A2-2143B88649ED}"
EndProject
Project("{2150E333-8FDC-42A3-9474-1A3956D46DE8}") = "ReportStatusJobs", "ReportStatusJobs", "{B2581C19-4E8D-44EC-A824-7EB09213E143}"
EndProject
Project("{FAE04EC0-301F-11D3-BF4B-00C04F79EFBC}") = "ReportSucJob", "ReportSucJob\ReportSucJob.csproj", "{047D4D91-985D-42A8-B59D-08704934D71B}"
EndProject
Project("{FAE04EC0-301F-11D3-BF4B-00C04F79EFBC}") = "ReportFailedJob", "ReportFailedJob\ReportFailedJob.csproj", "{EB2040B4-F209-44ED-9596-EFBBC2A8EAFD}"
EndProject
Project("{FAE04EC0-301F-11D3-BF4B-00C04F79EFBC}") = "TestService", "TestService\TestService.csproj", "{95A11E44-9D2E-4013-9994-EE210B3AD517}"
EndProject
Project("{2150E333-8FDC-42A3-9474-1A3956D46DE8}") = "TestDotNetCom", "TestDotNetCom", "{B1B603DC-6697-442D-9AA4-67DACD21178E}"
EndProject
Project("{FAE04EC0-301F-11D3-BF4B-00C04F79EFBC}") = "DotNetCom", "DotNetCom\DotNetCom.csproj", "{3654F74C-4D31-4FC0-BCE9-E499BDEFABF2}"
EndProject
Project("{8BC9CEB8-8B4A-11D0-8D11-00A0C91BC942}") = "ClientOfDotNetCom", "ClientOfDotNetCom\ClientOfDotNetCom.vcproj", "{2B0C4431-65DF-4063-BB3B-8EB4324F556C}"
EndProject
Project("{FAE04EC0-301F-11D3-BF4B-00C04F79EFBC}") = "DotNetLib", "DotNetLib\DotNetLib.csproj", "{2ABFE7AB-C916-42AB-9C20-D3C5652A897B}"
EndProject
Project("{8BC9CEB8-8B4A-11D0-8D11-00A0C91BC942}") = "GalaxyUMClientLib", "..\src\ClientLibs\GalaxyUMClientLib\GalaxyUMClientLib.vcproj", "{437630CE-2382-4120-BB32-42E7C2F300C2}"
EndProject
Project("{8BC9CEB8-8B4A-11D0-8D11-00A0C91BC942}") = "ReportJobStatus", "ReportJobStatus\ReportJobStatus.vcproj", "{B6231C7F-30A5-463D-A2E7-140CFFB1324D}"
	ProjectSection(ProjectDependencies) = postProject
		{437630CE-2382-4120-BB32-42E7C2F300C2} = {437630CE-2382-4120-BB32-42E7C2F300C2}
	EndProjectSection
EndProject
Global
	GlobalSection(SolutionConfigurationPlatforms) = preSolution
		Debug|Any CPU = Debug|Any CPU
		Debug|Mixed Platforms = Debug|Mixed Platforms
		Debug|Win32 = Debug|Win32
		Release|Any CPU = Release|Any CPU
		Release|Mixed Platforms = Release|Mixed Platforms
		Release|Win32 = Release|Win32
	EndGlobalSection
	GlobalSection(ProjectConfigurationPlatforms) = postSolution
		{61F12241-12BA-4FCA-A9EA-44BFCFE29B2C}.Debug|Any CPU.ActiveCfg = Debug|Any CPU
		{61F12241-12BA-4FCA-A9EA-44BFCFE29B2C}.Debug|Any CPU.Build.0 = Debug|Any CPU
		{61F12241-12BA-4FCA-A9EA-44BFCFE29B2C}.Debug|Mixed Platforms.ActiveCfg = Debug|Any CPU
		{61F12241-12BA-4FCA-A9EA-44BFCFE29B2C}.Debug|Mixed Platforms.Build.0 = Debug|Any CPU
		{61F12241-12BA-4FCA-A9EA-44BFCFE29B2C}.Debug|Win32.ActiveCfg = Debug|Any CPU
		{61F12241-12BA-4FCA-A9EA-44BFCFE29B2C}.Release|Any CPU.ActiveCfg = Release|Any CPU
		{61F12241-12BA-4FCA-A9EA-44BFCFE29B2C}.Release|Any CPU.Build.0 = Release|Any CPU
		{61F12241-12BA-4FCA-A9EA-44BFCFE29B2C}.Release|Mixed Platforms.ActiveCfg = Release|Any CPU
		{61F12241-12BA-4FCA-A9EA-44BFCFE29B2C}.Release|Mixed Platforms.Build.0 = Release|Any CPU
		{61F12241-12BA-4FCA-A9EA-44BFCFE29B2C}.Release|Win32.ActiveCfg = Release|Any CPU
		{B68D1FCB-7EE3-4335-82C7-F60ABD2868BE}.Debug|Any CPU.ActiveCfg = Debug|Any CPU
		{B68D1FCB-7EE3-4335-82C7-F60ABD2868BE}.Debug|Any CPU.Build.0 = Debug|Any CPU
		{B68D1FCB-7EE3-4335-82C7-F60ABD2868BE}.Debug|Mixed Platforms.ActiveCfg = Debug|Any CPU
		{B68D1FCB-7EE3-4335-82C7-F60ABD2868BE}.Debug|Mixed Platforms.Build.0 = Debug|Any CPU
		{B68D1FCB-7EE3-4335-82C7-F60ABD2868BE}.Debug|Win32.ActiveCfg = Debug|Any CPU
		{B68D1FCB-7EE3-4335-82C7-F60ABD2868BE}.Release|Any CPU.ActiveCfg = Release|Any CPU
		{B68D1FCB-7EE3-4335-82C7-F60ABD2868BE}.Release|Any CPU.Build.0 = Release|Any CPU
		{B68D1FCB-7EE3-4335-82C7-F60ABD2868BE}.Release|Mixed Platforms.ActiveCfg = Release|Any CPU
		{B68D1FCB-7EE3-4335-82C7-F60ABD2868BE}.Release|Mixed Platforms.Build.0 = Release|Any CPU
		{B68D1FCB-7EE3-4335-82C7-F60ABD2868BE}.Release|Win32.ActiveCfg = Release|Any CPU
		{344B2AD6-08B7-44FA-86BB-B1BCDC03FA1D}.Debug|Any CPU.ActiveCfg = Debug|Any CPU
		{344B2AD6-08B7-44FA-86BB-B1BCDC03FA1D}.Debug|Any CPU.Build.0 = Debug|Any CPU
		{344B2AD6-08B7-44FA-86BB-B1BCDC03FA1D}.Debug|Mixed Platforms.ActiveCfg = Debug|Any CPU
		{344B2AD6-08B7-44FA-86BB-B1BCDC03FA1D}.Debug|Mixed Platforms.Build.0 = Debug|Any CPU
		{344B2AD6-08B7-44FA-86BB-B1BCDC03FA1D}.Debug|Win32.ActiveCfg = Debug|Any CPU
		{344B2AD6-08B7-44FA-86BB-B1BCDC03FA1D}.Release|Any CPU.ActiveCfg = Release|Any CPU
		{344B2AD6-08B7-44FA-86BB-B1BCDC03FA1D}.Release|Any CPU.Build.0 = Release|Any CPU
		{344B2AD6-08B7-44FA-86BB-B1BCDC03FA1D}.Release|Mixed Platforms.ActiveCfg = Release|Any CPU
		{344B2AD6-08B7-44FA-86BB-B1BCDC03FA1D}.Release|Mixed Platforms.Build.0 = Release|Any CPU
		{344B2AD6-08B7-44FA-86BB-B1BCDC03FA1D}.Release|Win32.ActiveCfg = Release|Any CPU
		{1717B8B4-2F63-437D-AB90-35982B42DED5}.Debug|Any CPU.ActiveCfg = Debug|Any CPU
		{1717B8B4-2F63-437D-AB90-35982B42DED5}.Debug|Any CPU.Build.0 = Debug|Any CPU
		{1717B8B4-2F63-437D-AB90-35982B42DED5}.Debug|Mixed Platforms.ActiveCfg = Debug|Any CPU
		{1717B8B4-2F63-437D-AB90-35982B42DED5}.Debug|Mixed Platforms.Build.0 = Debug|Any CPU
		{1717B8B4-2F63-437D-AB90-35982B42DED5}.Debug|Win32.ActiveCfg = Debug|Any CPU
		{1717B8B4-2F63-437D-AB90-35982B42DED5}.Release|Any CPU.ActiveCfg = Release|Any CPU
		{1717B8B4-2F63-437D-AB90-35982B42DED5}.Release|Any CPU.Build.0 = Release|Any CPU
		{1717B8B4-2F63-437D-AB90-35982B42DED5}.Release|Mixed Platforms.ActiveCfg = Release|Any CPU
		{1717B8B4-2F63-437D-AB90-35982B42DED5}.Release|Mixed Platforms.Build.0 = Release|Any CPU
		{1717B8B4-2F63-437D-AB90-35982B42DED5}.Release|Win32.ActiveCfg = Release|Any CPU
		{7DB3C729-C021-473C-B24D-418E63502001}.Debug|Any CPU.ActiveCfg = Debug|Win32
		{7DB3C729-C021-473C-B24D-418E63502001}.Debug|Mixed Platforms.ActiveCfg = Debug|Win32
		{7DB3C729-C021-473C-B24D-418E63502001}.Debug|Mixed Platforms.Build.0 = Debug|Win32
		{7DB3C729-C021-473C-B24D-418E63502001}.Debug|Win32.ActiveCfg = Debug|Win32
		{7DB3C729-C021-473C-B24D-418E63502001}.Debug|Win32.Build.0 = Debug|Win32
		{7DB3C729-C021-473C-B24D-418E63502001}.Release|Any CPU.ActiveCfg = Release|Win32
		{7DB3C729-C021-473C-B24D-418E63502001}.Release|Mixed Platforms.ActiveCfg = Release|Win32
		{7DB3C729-C021-473C-B24D-418E63502001}.Release|Mixed Platforms.Build.0 = Release|Win32
		{7DB3C729-C021-473C-B24D-418E63502001}.Release|Win32.ActiveCfg = Release|Win32
		{7DB3C729-C021-473C-B24D-418E63502001}.Release|Win32.Build.0 = Release|Win32
		{A4F4CDB8-64BB-4934-A4E2-335A62986D9D}.Debug|Any CPU.ActiveCfg = Debug|Any CPU
		{A4F4CDB8-64BB-4934-A4E2-335A62986D9D}.Debug|Any CPU.Build.0 = Debug|Any CPU
		{A4F4CDB8-64BB-4934-A4E2-335A62986D9D}.Debug|Mixed Platforms.ActiveCfg = Debug|Any CPU
		{A4F4CDB8-64BB-4934-A4E2-335A62986D9D}.Debug|Mixed Platforms.Build.0 = Debug|Any CPU
		{A4F4CDB8-64BB-4934-A4E2-335A62986D9D}.Debug|Win32.ActiveCfg = Debug|Any CPU
		{A4F4CDB8-64BB-4934-A4E2-335A62986D9D}.Release|Any CPU.ActiveCfg = Release|Any CPU
		{A4F4CDB8-64BB-4934-A4E2-335A62986D9D}.Release|Any CPU.Build.0 = Release|Any CPU
		{A4F4CDB8-64BB-4934-A4E2-335A62986D9D}.Release|Mixed Platforms.ActiveCfg = Release|Any CPU
		{A4F4CDB8-64BB-4934-A4E2-335A62986D9D}.Release|Mixed Platforms.Build.0 = Release|Any CPU
		{A4F4CDB8-64BB-4934-A4E2-335A62986D9D}.Release|Win32.ActiveCfg = Release|Any CPU
		{374ED5F8-FA17-4D93-8497-48466A8434A8}.Debug|Any CPU.ActiveCfg = Debug|Any CPU
		{374ED5F8-FA17-4D93-8497-48466A8434A8}.Debug|Any CPU.Build.0 = Debug|Any CPU
		{374ED5F8-FA17-4D93-8497-48466A8434A8}.Debug|Mixed Platforms.ActiveCfg = Debug|Any CPU
		{374ED5F8-FA17-4D93-8497-48466A8434A8}.Debug|Mixed Platforms.Build.0 = Debug|Any CPU
		{374ED5F8-FA17-4D93-8497-48466A8434A8}.Debug|Win32.ActiveCfg = Debug|Any CPU
		{374ED5F8-FA17-4D93-8497-48466A8434A8}.Release|Any CPU.ActiveCfg = Release|Any CPU
		{374ED5F8-FA17-4D93-8497-48466A8434A8}.Release|Any CPU.Build.0 = Release|Any CPU
		{374ED5F8-FA17-4D93-8497-48466A8434A8}.Release|Mixed Platforms.ActiveCfg = Release|Any CPU
		{374ED5F8-FA17-4D93-8497-48466A8434A8}.Release|Mixed Platforms.Build.0 = Release|Any CPU
		{374ED5F8-FA17-4D93-8497-48466A8434A8}.Release|Win32.ActiveCfg = Release|Any CPU
		{1134367F-54CA-4A1E-A511-A928947F6400}.Debug|Any CPU.ActiveCfg = Debug|Any CPU
		{1134367F-54CA-4A1E-A511-A928947F6400}.Debug|Any CPU.Build.0 = Debug|Any CPU
		{1134367F-54CA-4A1E-A511-A928947F6400}.Debug|Mixed Platforms.ActiveCfg = Debug|Any CPU
		{1134367F-54CA-4A1E-A511-A928947F6400}.Debug|Mixed Platforms.Build.0 = Debug|Any CPU
		{1134367F-54CA-4A1E-A511-A928947F6400}.Debug|Win32.ActiveCfg = Debug|Any CPU
		{1134367F-54CA-4A1E-A511-A928947F6400}.Release|Any CPU.ActiveCfg = Release|Any CPU
		{1134367F-54CA-4A1E-A511-A928947F6400}.Release|Any CPU.Build.0 = Release|Any CPU
		{1134367F-54CA-4A1E-A511-A928947F6400}.Release|Mixed Platforms.ActiveCfg = Release|Any CPU
		{1134367F-54CA-4A1E-A511-A928947F6400}.Release|Mixed Platforms.Build.0 = Release|Any CPU
		{1134367F-54CA-4A1E-A511-A928947F6400}.Release|Win32.ActiveCfg = Release|Any CPU
		{B4E8D15D-46E0-4D36-BD21-BB99EFC6AFDB}.Debug|Any CPU.ActiveCfg = Debug|Any CPU
		{B4E8D15D-46E0-4D36-BD21-BB99EFC6AFDB}.Debug|Any CPU.Build.0 = Debug|Any CPU
		{B4E8D15D-46E0-4D36-BD21-BB99EFC6AFDB}.Debug|Mixed Platforms.ActiveCfg = Debug|Any CPU
		{B4E8D15D-46E0-4D36-BD21-BB99EFC6AFDB}.Debug|Mixed Platforms.Build.0 = Debug|Any CPU
		{B4E8D15D-46E0-4D36-BD21-BB99EFC6AFDB}.Debug|Win32.ActiveCfg = Debug|Any CPU
		{B4E8D15D-46E0-4D36-BD21-BB99EFC6AFDB}.Release|Any CPU.ActiveCfg = Release|Any CPU
		{B4E8D15D-46E0-4D36-BD21-BB99EFC6AFDB}.Release|Any CPU.Build.0 = Release|Any CPU
		{B4E8D15D-46E0-4D36-BD21-BB99EFC6AFDB}.Release|Mixed Platforms.ActiveCfg = Release|Any CPU
		{B4E8D15D-46E0-4D36-BD21-BB99EFC6AFDB}.Release|Mixed Platforms.Build.0 = Release|Any CPU
		{B4E8D15D-46E0-4D36-BD21-BB99EFC6AFDB}.Release|Win32.ActiveCfg = Release|Any CPU
		{C6D9AE6C-4215-4ED4-9CF1-8567936EFFB2}.Debug|Any CPU.ActiveCfg = Debug|Any CPU
		{C6D9AE6C-4215-4ED4-9CF1-8567936EFFB2}.Debug|Any CPU.Build.0 = Debug|Any CPU
		{C6D9AE6C-4215-4ED4-9CF1-8567936EFFB2}.Debug|Mixed Platforms.ActiveCfg = Debug|Any CPU
		{C6D9AE6C-4215-4ED4-9CF1-8567936EFFB2}.Debug|Mixed Platforms.Build.0 = Debug|Any CPU
		{C6D9AE6C-4215-4ED4-9CF1-8567936EFFB2}.Debug|Win32.ActiveCfg = Debug|Any CPU
		{C6D9AE6C-4215-4ED4-9CF1-8567936EFFB2}.Release|Any CPU.ActiveCfg = Release|Any CPU
		{C6D9AE6C-4215-4ED4-9CF1-8567936EFFB2}.Release|Any CPU.Build.0 = Release|Any CPU
		{C6D9AE6C-4215-4ED4-9CF1-8567936EFFB2}.Release|Mixed Platforms.ActiveCfg = Release|Any CPU
		{C6D9AE6C-4215-4ED4-9CF1-8567936EFFB2}.Release|Mixed Platforms.Build.0 = Release|Any CPU
		{C6D9AE6C-4215-4ED4-9CF1-8567936EFFB2}.Release|Win32.ActiveCfg = Release|Any CPU
		{98681DC1-2A81-4C3F-B847-284406716645}.Debug|Any CPU.ActiveCfg = Debug|Any CPU
		{98681DC1-2A81-4C3F-B847-284406716645}.Debug|Any CPU.Build.0 = Debug|Any CPU
		{98681DC1-2A81-4C3F-B847-284406716645}.Debug|Mixed Platforms.ActiveCfg = Debug|Any CPU
		{98681DC1-2A81-4C3F-B847-284406716645}.Debug|Mixed Platforms.Build.0 = Debug|Any CPU
		{98681DC1-2A81-4C3F-B847-284406716645}.Debug|Win32.ActiveCfg = Debug|Any CPU
		{98681DC1-2A81-4C3F-B847-284406716645}.Release|Any CPU.ActiveCfg = Release|Any CPU
		{98681DC1-2A81-4C3F-B847-284406716645}.Release|Any CPU.Build.0 = Release|Any CPU
		{98681DC1-2A81-4C3F-B847-284406716645}.Release|Mixed Platforms.ActiveCfg = Release|Any CPU
		{98681DC1-2A81-4C3F-B847-284406716645}.Release|Mixed Platforms.Build.0 = Release|Any CPU
		{98681DC1-2A81-4C3F-B847-284406716645}.Release|Win32.ActiveCfg = Release|Any CPU
		{B1FE3F72-0A0D-44E2-98B7-0FEC646AA781}.Debug|Any CPU.ActiveCfg = Debug|Any CPU
		{B1FE3F72-0A0D-44E2-98B7-0FEC646AA781}.Debug|Any CPU.Build.0 = Debug|Any CPU
		{B1FE3F72-0A0D-44E2-98B7-0FEC646AA781}.Debug|Mixed Platforms.ActiveCfg = Debug|Any CPU
		{B1FE3F72-0A0D-44E2-98B7-0FEC646AA781}.Debug|Mixed Platforms.Build.0 = Debug|Any CPU
		{B1FE3F72-0A0D-44E2-98B7-0FEC646AA781}.Debug|Win32.ActiveCfg = Debug|Any CPU
		{B1FE3F72-0A0D-44E2-98B7-0FEC646AA781}.Release|Any CPU.ActiveCfg = Release|Any CPU
		{B1FE3F72-0A0D-44E2-98B7-0FEC646AA781}.Release|Any CPU.Build.0 = Release|Any CPU
		{B1FE3F72-0A0D-44E2-98B7-0FEC646AA781}.Release|Mixed Platforms.ActiveCfg = Release|Any CPU
		{B1FE3F72-0A0D-44E2-98B7-0FEC646AA781}.Release|Mixed Platforms.Build.0 = Release|Any CPU
		{B1FE3F72-0A0D-44E2-98B7-0FEC646AA781}.Release|Win32.ActiveCfg = Release|Any CPU
		{FFEBC00B-2886-407D-93A2-2143B88649ED}.Debug|Any CPU.ActiveCfg = Debug|Any CPU
		{FFEBC00B-2886-407D-93A2-2143B88649ED}.Debug|Any CPU.Build.0 = Debug|Any CPU
		{FFEBC00B-2886-407D-93A2-2143B88649ED}.Debug|Mixed Platforms.ActiveCfg = Debug|Any CPU
		{FFEBC00B-2886-407D-93A2-2143B88649ED}.Debug|Mixed Platforms.Build.0 = Debug|Any CPU
		{FFEBC00B-2886-407D-93A2-2143B88649ED}.Debug|Win32.ActiveCfg = Debug|Any CPU
		{FFEBC00B-2886-407D-93A2-2143B88649ED}.Release|Any CPU.ActiveCfg = Release|Any CPU
		{FFEBC00B-2886-407D-93A2-2143B88649ED}.Release|Any CPU.Build.0 = Release|Any CPU
		{FFEBC00B-2886-407D-93A2-2143B88649ED}.Release|Mixed Platforms.ActiveCfg = Release|Any CPU
		{FFEBC00B-2886-407D-93A2-2143B88649ED}.Release|Mixed Platforms.Build.0 = Release|Any CPU
		{FFEBC00B-2886-407D-93A2-2143B88649ED}.Release|Win32.ActiveCfg = Release|Any CPU
		{047D4D91-985D-42A8-B59D-08704934D71B}.Debug|Any CPU.ActiveCfg = Debug|Any CPU
		{047D4D91-985D-42A8-B59D-08704934D71B}.Debug|Any CPU.Build.0 = Debug|Any CPU
		{047D4D91-985D-42A8-B59D-08704934D71B}.Debug|Mixed Platforms.ActiveCfg = Debug|Any CPU
		{047D4D91-985D-42A8-B59D-08704934D71B}.Debug|Mixed Platforms.Build.0 = Debug|Any CPU
		{047D4D91-985D-42A8-B59D-08704934D71B}.Debug|Win32.ActiveCfg = Debug|Any CPU
		{047D4D91-985D-42A8-B59D-08704934D71B}.Release|Any CPU.ActiveCfg = Release|Any CPU
		{047D4D91-985D-42A8-B59D-08704934D71B}.Release|Any CPU.Build.0 = Release|Any CPU
		{047D4D91-985D-42A8-B59D-08704934D71B}.Release|Mixed Platforms.ActiveCfg = Release|Any CPU
		{047D4D91-985D-42A8-B59D-08704934D71B}.Release|Mixed Platforms.Build.0 = Release|Any CPU
		{047D4D91-985D-42A8-B59D-08704934D71B}.Release|Win32.ActiveCfg = Release|Any CPU
		{EB2040B4-F209-44ED-9596-EFBBC2A8EAFD}.Debug|Any CPU.ActiveCfg = Debug|Any CPU
		{EB2040B4-F209-44ED-9596-EFBBC2A8EAFD}.Debug|Any CPU.Build.0 = Debug|Any CPU
		{EB2040B4-F209-44ED-9596-EFBBC2A8EAFD}.Debug|Mixed Platforms.ActiveCfg = Debug|Any CPU
		{EB2040B4-F209-44ED-9596-EFBBC2A8EAFD}.Debug|Mixed Platforms.Build.0 = Debug|Any CPU
		{EB2040B4-F209-44ED-9596-EFBBC2A8EAFD}.Debug|Win32.ActiveCfg = Debug|Any CPU
		{EB2040B4-F209-44ED-9596-EFBBC2A8EAFD}.Release|Any CPU.ActiveCfg = Release|Any CPU
		{EB2040B4-F209-44ED-9596-EFBBC2A8EAFD}.Release|Any CPU.Build.0 = Release|Any CPU
		{EB2040B4-F209-44ED-9596-EFBBC2A8EAFD}.Release|Mixed Platforms.ActiveCfg = Release|Any CPU
		{EB2040B4-F209-44ED-9596-EFBBC2A8EAFD}.Release|Mixed Platforms.Build.0 = Release|Any CPU
		{EB2040B4-F209-44ED-9596-EFBBC2A8EAFD}.Release|Win32.ActiveCfg = Release|Any CPU
		{95A11E44-9D2E-4013-9994-EE210B3AD517}.Debug|Any CPU.ActiveCfg = Debug|Any CPU
		{95A11E44-9D2E-4013-9994-EE210B3AD517}.Debug|Any CPU.Build.0 = Debug|Any CPU
		{95A11E44-9D2E-4013-9994-EE210B3AD517}.Debug|Mixed Platforms.ActiveCfg = Debug|Any CPU
		{95A11E44-9D2E-4013-9994-EE210B3AD517}.Debug|Mixed Platforms.Build.0 = Debug|Any CPU
		{95A11E44-9D2E-4013-9994-EE210B3AD517}.Debug|Win32.ActiveCfg = Debug|Any CPU
		{95A11E44-9D2E-4013-9994-EE210B3AD517}.Release|Any CPU.ActiveCfg = Release|Any CPU
		{95A11E44-9D2E-4013-9994-EE210B3AD517}.Release|Any CPU.Build.0 = Release|Any CPU
		{95A11E44-9D2E-4013-9994-EE210B3AD517}.Release|Mixed Platforms.ActiveCfg = Release|Any CPU
		{95A11E44-9D2E-4013-9994-EE210B3AD517}.Release|Mixed Platforms.Build.0 = Release|Any CPU
		{95A11E44-9D2E-4013-9994-EE210B3AD517}.Release|Win32.ActiveCfg = Release|Any CPU
		{3654F74C-4D31-4FC0-BCE9-E499BDEFABF2}.Debug|Any CPU.ActiveCfg = Debug|Any CPU
		{3654F74C-4D31-4FC0-BCE9-E499BDEFABF2}.Debug|Any CPU.Build.0 = Debug|Any CPU
		{3654F74C-4D31-4FC0-BCE9-E499BDEFABF2}.Debug|Mixed Platforms.ActiveCfg = Debug|Any CPU
		{3654F74C-4D31-4FC0-BCE9-E499BDEFABF2}.Debug|Mixed Platforms.Build.0 = Debug|Any CPU
		{3654F74C-4D31-4FC0-BCE9-E499BDEFABF2}.Debug|Win32.ActiveCfg = Debug|Any CPU
		{3654F74C-4D31-4FC0-BCE9-E499BDEFABF2}.Release|Any CPU.ActiveCfg = Release|Any CPU
		{3654F74C-4D31-4FC0-BCE9-E499BDEFABF2}.Release|Any CPU.Build.0 = Release|Any CPU
		{3654F74C-4D31-4FC0-BCE9-E499BDEFABF2}.Release|Mixed Platforms.ActiveCfg = Release|Any CPU
		{3654F74C-4D31-4FC0-BCE9-E499BDEFABF2}.Release|Mixed Platforms.Build.0 = Release|Any CPU
		{3654F74C-4D31-4FC0-BCE9-E499BDEFABF2}.Release|Win32.ActiveCfg = Release|Any CPU
		{2B0C4431-65DF-4063-BB3B-8EB4324F556C}.Debug|Any CPU.ActiveCfg = Debug|Win32
		{2B0C4431-65DF-4063-BB3B-8EB4324F556C}.Debug|Mixed Platforms.ActiveCfg = Debug|Win32
		{2B0C4431-65DF-4063-BB3B-8EB4324F556C}.Debug|Mixed Platforms.Build.0 = Debug|Win32
		{2B0C4431-65DF-4063-BB3B-8EB4324F556C}.Debug|Win32.ActiveCfg = Debug|Win32
		{2B0C4431-65DF-4063-BB3B-8EB4324F556C}.Debug|Win32.Build.0 = Debug|Win32
		{2B0C4431-65DF-4063-BB3B-8EB4324F556C}.Release|Any CPU.ActiveCfg = Release|Win32
		{2B0C4431-65DF-4063-BB3B-8EB4324F556C}.Release|Mixed Platforms.ActiveCfg = Release|Win32
		{2B0C4431-65DF-4063-BB3B-8EB4324F556C}.Release|Mixed Platforms.Build.0 = Release|Win32
		{2B0C4431-65DF-4063-BB3B-8EB4324F556C}.Release|Win32.ActiveCfg = Release|Win32
		{2B0C4431-65DF-4063-BB3B-8EB4324F556C}.Release|Win32.Build.0 = Release|Win32
		{2ABFE7AB-C916-42AB-9C20-D3C5652A897B}.Debug|Any CPU.ActiveCfg = Debug|Any CPU
		{2ABFE7AB-C916-42AB-9C20-D3C5652A897B}.Debug|Any CPU.Build.0 = Debug|Any CPU
		{2ABFE7AB-C916-42AB-9C20-D3C5652A897B}.Debug|Mixed Platforms.ActiveCfg = Debug|Any CPU
		{2ABFE7AB-C916-42AB-9C20-D3C5652A897B}.Debug|Mixed Platforms.Build.0 = Debug|Any CPU
		{2ABFE7AB-C916-42AB-9C20-D3C5652A897B}.Debug|Win32.ActiveCfg = Debug|Any CPU
		{2ABFE7AB-C916-42AB-9C20-D3C5652A897B}.Release|Any CPU.ActiveCfg = Release|Any CPU
		{2ABFE7AB-C916-42AB-9C20-D3C5652A897B}.Release|Any CPU.Build.0 = Release|Any CPU
		{2ABFE7AB-C916-42AB-9C20-D3C5652A897B}.Release|Mixed Platforms.ActiveCfg = Release|Any CPU
		{2ABFE7AB-C916-42AB-9C20-D3C5652A897B}.Release|Mixed Platforms.Build.0 = Release|Any CPU
		{2ABFE7AB-C916-42AB-9C20-D3C5652A897B}.Release|Win32.ActiveCfg = Release|Any CPU
		{437630CE-2382-4120-BB32-42E7C2F300C2}.Debug|Any CPU.ActiveCfg = Debug|Win32
		{437630CE-2382-4120-BB32-42E7C2F300C2}.Debug|Mixed Platforms.ActiveCfg = Debug|Win32
		{437630CE-2382-4120-BB32-42E7C2F300C2}.Debug|Mixed Platforms.Build.0 = Debug|Win32
		{437630CE-2382-4120-BB32-42E7C2F300C2}.Debug|Win32.ActiveCfg = Debug|Win32
		{437630CE-2382-4120-BB32-42E7C2F300C2}.Debug|Win32.Build.0 = Debug|Win32
		{437630CE-2382-4120-BB32-42E7C2F300C2}.Release|Any CPU.ActiveCfg = Release|Win32
		{437630CE-2382-4120-BB32-42E7C2F300C2}.Release|Mixed Platforms.ActiveCfg = Release|Win32
		{437630CE-2382-4120-BB32-42E7C2F300C2}.Release|Mixed Platforms.Build.0 = Release|Win32
		{437630CE-2382-4120-BB32-42E7C2F300C2}.Release|Win32.ActiveCfg = Release|Win32
		{437630CE-2382-4120-BB32-42E7C2F300C2}.Release|Win32.Build.0 = Release|Win32
		{B6231C7F-30A5-463D-A2E7-140CFFB1324D}.Debug|Any CPU.ActiveCfg = Debug|Win32
		{B6231C7F-30A5-463D-A2E7-140CFFB1324D}.Debug|Mixed Platforms.ActiveCfg = Debug|Win32
		{B6231C7F-30A5-463D-A2E7-140CFFB1324D}.Debug|Mixed Platforms.Build.0 = Debug|Win32
		{B6231C7F-30A5-463D-A2E7-140CFFB1324D}.Debug|Win32.ActiveCfg = Debug|Win32
		{B6231C7F-30A5-463D-A2E7-140CFFB1324D}.Debug|Win32.Build.0 = Debug|Win32
		{B6231C7F-30A5-463D-A2E7-140CFFB1324D}.Release|Any CPU.ActiveCfg = Release|Win32
		{B6231C7F-30A5-463D-A2E7-140CFFB1324D}.Release|Mixed Platforms.ActiveCfg = Release|Win32
		{B6231C7F-30A5-463D-A2E7-140CFFB1324D}.Release|Mixed Platforms.Build.0 = Release|Win32
		{B6231C7F-30A5-463D-A2E7-140CFFB1324D}.Release|Win32.ActiveCfg = Release|Win32
		{B6231C7F-30A5-463D-A2E7-140CFFB1324D}.Release|Win32.Build.0 = Release|Win32
	EndGlobalSection
	GlobalSection(SolutionProperties) = preSolution
		HideSolutionNode = FALSE
	EndGlobalSection
	GlobalSection(NestedProjects) = preSolution
		{B68D1FCB-7EE3-4335-82C7-F60ABD2868BE} = {562BE0AF-6550-4E0E-B8FA-B4B42D415E5B}
		{344B2AD6-08B7-44FA-86BB-B1BCDC03FA1D} = {562BE0AF-6550-4E0E-B8FA-B4B42D415E5B}
		{61F12241-12BA-4FCA-A9EA-44BFCFE29B2C} = {562BE0AF-6550-4E0E-B8FA-B4B42D415E5B}
		{B1FE3F72-0A0D-44E2-98B7-0FEC646AA781} = {562BE0AF-6550-4E0E-B8FA-B4B42D415E5B}
		{B2581C19-4E8D-44EC-A824-7EB09213E143} = {562BE0AF-6550-4E0E-B8FA-B4B42D415E5B}
		{84F459A5-5C92-45BA-8621-949FC13B9862} = {F189E57E-0855-49CA-91D6-753131729E59}
		{0971CF69-AEE6-48D3-8537-0163DDC39166} = {F189E57E-0855-49CA-91D6-753131729E59}
		{98681DC1-2A81-4C3F-B847-284406716645} = {F189E57E-0855-49CA-91D6-753131729E59}
		{FFEBC00B-2886-407D-93A2-2143B88649ED} = {F189E57E-0855-49CA-91D6-753131729E59}
		{95A11E44-9D2E-4013-9994-EE210B3AD517} = {F189E57E-0855-49CA-91D6-753131729E59}
		{B1B603DC-6697-442D-9AA4-67DACD21178E} = {F189E57E-0855-49CA-91D6-753131729E59}
		{A4F4CDB8-64BB-4934-A4E2-335A62986D9D} = {84F459A5-5C92-45BA-8621-949FC13B9862}
		{7DB3C729-C021-473C-B24D-418E63502001} = {84F459A5-5C92-45BA-8621-949FC13B9862}
		{1717B8B4-2F63-437D-AB90-35982B42DED5} = {84F459A5-5C92-45BA-8621-949FC13B9862}
		{374ED5F8-FA17-4D93-8497-48466A8434A8} = {0971CF69-AEE6-48D3-8537-0163DDC39166}
		{1134367F-54CA-4A1E-A511-A928947F6400} = {0971CF69-AEE6-48D3-8537-0163DDC39166}
		{B4E8D15D-46E0-4D36-BD21-BB99EFC6AFDB} = {0971CF69-AEE6-48D3-8537-0163DDC39166}
		{C6D9AE6C-4215-4ED4-9CF1-8567936EFFB2} = {0971CF69-AEE6-48D3-8537-0163DDC39166}
		{047D4D91-985D-42A8-B59D-08704934D71B} = {B2581C19-4E8D-44EC-A824-7EB09213E143}
		{EB2040B4-F209-44ED-9596-EFBBC2A8EAFD} = {B2581C19-4E8D-44EC-A824-7EB09213E143}
		{437630CE-2382-4120-BB32-42E7C2F300C2} = {B2581C19-4E8D-44EC-A824-7EB09213E143}
		{B6231C7F-30A5-463D-A2E7-140CFFB1324D} = {B2581C19-4E8D-44EC-A824-7EB09213E143}
		{3654F74C-4D31-4FC0-BCE9-E499BDEFABF2} = {B1B603DC-6697-442D-9AA4-67DACD21178E}
		{2B0C4431-65DF-4063-BB3B-8EB4324F556C} = {B1B603DC-6697-442D-9AA4-67DACD21178E}
		{2ABFE7AB-C916-42AB-9C20-D3C5652A897B} = {B1B603DC-6697-442D-9AA4-67DACD21178E}
	EndGlobalSection
EndGlobal
